
Microsoft Visual Studio Solution File, Format Version 12.00
# Visual Studio Version 17
VisualStudioVersion = 17.5.33627.172
MinimumVisualStudioVersion = 10.0.40219.1
Project("{FAE04EC0-301F-11D3-BF4B-00C04F79EFBC}") = "Capa_Presentacion", "Capa_presentacion\Capa_Presentacion.csproj", "{24A04519-946E-4E65-AFAF-F542526329F3}"
EndProject
Project("{9A19103F-16F7-4668-BE54-9A1E7A4F7556}") = "Capa_Acceso_Datos", "Capa_Acceso_Datos\Capa_Acceso_Datos.csproj", "{3168CAAD-DB7C-4F19-92D0-05E83EADA91A}"
EndProject
Project("{9A19103F-16F7-4668-BE54-9A1E7A4F7556}") = "Capa_Logica", "Capa_Logica\Capa_Logica.csproj", "{C9AACC7E-D8C6-411A-BAE7-F9132C4100A8}"
EndProject
Project("{FAE04EC0-301F-11D3-BF4B-00C04F79EFBC}") = "Capa_Modelo", "Capa_Modelo\Capa_Modelo.csproj", "{E2A78A28-FD00-4FA4-98E3-639071372ED8}"
EndProject
Global
	GlobalSection(SolutionConfigurationPlatforms) = preSolution
		Debug|Any CPU = Debug|Any CPU
		Release|Any CPU = Release|Any CPU
	EndGlobalSection
	GlobalSection(ProjectConfigurationPlatforms) = postSolution
		{24A04519-946E-4E65-AFAF-F542526329F3}.Debug|Any CPU.ActiveCfg = Debug|Any CPU
		{24A04519-946E-4E65-AFAF-F542526329F3}.Debug|Any CPU.Build.0 = Debug|Any CPU
		{24A04519-946E-4E65-AFAF-F542526329F3}.Release|Any CPU.ActiveCfg = Release|Any CPU
		{24A04519-946E-4E65-AFAF-F542526329F3}.Release|Any CPU.Build.0 = Release|Any CPU
		{3168CAAD-DB7C-4F19-92D0-05E83EADA91A}.Debug|Any CPU.ActiveCfg = Debug|Any CPU
		{3168CAAD-DB7C-4F19-92D0-05E83EADA91A}.Debug|Any CPU.Build.0 = Debug|Any CPU
		{3168CAAD-DB7C-4F19-92D0-05E83EADA91A}.Release|Any CPU.ActiveCfg = Release|Any CPU
		{3168CAAD-DB7C-4F19-92D0-05E83EADA91A}.Release|Any CPU.Build.0 = Release|Any CPU
		{C9AACC7E-D8C6-411A-BAE7-F9132C4100A8}.Debug|Any CPU.ActiveCfg = Debug|Any CPU
		{C9AACC7E-D8C6-411A-BAE7-F9132C4100A8}.Debug|Any CPU.Build.0 = Debug|Any CPU
		{C9AACC7E-D8C6-411A-BAE7-F9132C4100A8}.Release|Any CPU.ActiveCfg = Release|Any CPU
		{C9AACC7E-D8C6-411A-BAE7-F9132C4100A8}.Release|Any CPU.Build.0 = Release|Any CPU
		{E2A78A28-FD00-4FA4-98E3-639071372ED8}.Debug|Any CPU.ActiveCfg = Debug|Any CPU
		{E2A78A28-FD00-4FA4-98E3-639071372ED8}.Debug|Any CPU.Build.0 = Debug|Any CPU
		{E2A78A28-FD00-4FA4-98E3-639071372ED8}.Release|Any CPU.ActiveCfg = Release|Any CPU
		{E2A78A28-FD00-4FA4-98E3-639071372ED8}.Release|Any CPU.Build.0 = Release|Any CPU
	EndGlobalSection
	GlobalSection(SolutionProperties) = preSolution
		HideSolutionNode = FALSE
	EndGlobalSection
	GlobalSection(ExtensibilityGlobals) = postSolution
		SolutionGuid = {8B2CC8D9-EFBD-45A2-BD6A-6483A3FC450D}
	EndGlobalSection
EndGlobal
